{
  "name": "annotatedtext",
  "version": "0.1.0",
  "lockfileVersion": 1,
  "requires": true,
  "dependencies": {
    "@types/unist": {
      "version": "2.0.3",
      "resolved": "https://registry.npmjs.org/@types/unist/-/unist-2.0.3.tgz",
      "integrity": "sha512-FvUupuM3rlRsRtCN+fDudtmytGO6iHJuuRKS1Ss0pG5z8oX0diNEw94UEL7hgDbpN94rgaK5R7sWm6RrSkZuAQ==",
      "dev": true
    },
    "assertion-error": {
      "version": "1.1.0",
      "resolved": "https://registry.npmjs.org/assertion-error/-/assertion-error-1.1.0.tgz",
      "integrity": "sha512-jgsaNduz+ndvGyFt3uSuWqvy4lCnIJiovtouQN5JZHOKCS2QuhEdbcQHFhVksz2N2U9hXJo8odG7ETyWlEeuDw==",
      "dev": true
    },
    "bail": {
      "version": "1.0.4",
      "resolved": "https://registry.npmjs.org/bail/-/bail-1.0.4.tgz",
      "integrity": "sha512-S8vuDB4w6YpRhICUDET3guPlQpaJl7od94tpZ0Fvnyp+MKW/HyDTcRDck+29C9g+d/qQHnddRH3+94kZdrW0Ww==",
      "dev": true
    },
    "balanced-match": {
      "version": "1.0.0",
      "resolved": "https://registry.npmjs.org/balanced-match/-/balanced-match-1.0.0.tgz",
      "integrity": "sha1-ibTRmasr7kneFk6gK4nORi1xt2c=",
      "dev": true
    },
    "brace-expansion": {
      "version": "1.1.11",
      "resolved": "https://registry.npmjs.org/brace-expansion/-/brace-expansion-1.1.11.tgz",
      "integrity": "sha512-iCuPHDFgrHX7H2vEI/5xpz07zSHB00TpugqhmYtVmMO6518mCuRMoOYFldEBl0g187ufozdaHgWKcYFb61qGiA==",
      "dev": true,
      "requires": {
        "balanced-match": "^1.0.0",
        "concat-map": "0.0.1"
      }
    },
    "browser-stdout": {
      "version": "1.3.1",
      "resolved": "https://registry.npmjs.org/browser-stdout/-/browser-stdout-1.3.1.tgz",
      "integrity": "sha512-qhAVI1+Av2X7qelOfAIYwXONood6XlZE/fXaBSmW/T5SzLAmCgzi+eiWE7fUvbHaeNBQH13UftjpXxsfLkMpgw==",
      "dev": true
    },
    "chai": {
      "version": "4.2.0",
      "resolved": "https://registry.npmjs.org/chai/-/chai-4.2.0.tgz",
      "integrity": "sha512-XQU3bhBukrOsQCuwZndwGcCVQHyZi53fQ6Ys1Fym7E4olpIqqZZhhoFJoaKVvV17lWQoXYwgWN2nF5crA8J2jw==",
      "dev": true,
      "requires": {
        "assertion-error": "^1.1.0",
        "check-error": "^1.0.2",
        "deep-eql": "^3.0.1",
        "get-func-name": "^2.0.0",
        "pathval": "^1.1.0",
        "type-detect": "^4.0.5"
      }
    },
    "character-entities": {
      "version": "1.2.2",
      "resolved": "https://registry.npmjs.org/character-entities/-/character-entities-1.2.2.tgz",
      "integrity": "sha512-sMoHX6/nBiy3KKfC78dnEalnpn0Az0oSNvqUWYTtYrhRI5iUIYsROU48G+E+kMFQzqXaJ8kHJZ85n7y6/PHgwQ==",
      "dev": true
    },
    "character-entities-legacy": {
      "version": "1.1.2",
      "resolved": "https://registry.npmjs.org/character-entities-legacy/-/character-entities-legacy-1.1.2.tgz",
      "integrity": "sha512-9NB2VbXtXYWdXzqrvAHykE/f0QJxzaKIpZ5QzNZrrgQ7Iyxr2vnfS8fCBNVW9nUEZE0lo57nxKRqnzY/dKrwlA==",
      "dev": true
    },
    "character-reference-invalid": {
      "version": "1.1.2",
      "resolved": "https://registry.npmjs.org/character-reference-invalid/-/character-reference-invalid-1.1.2.tgz",
      "integrity": "sha512-7I/xceXfKyUJmSAn/jw8ve/9DyOP7XxufNYLI9Px7CmsKgEUaZLUTax6nZxGQtaoiZCjpu6cHPj20xC/vqRReQ==",
      "dev": true
    },
    "check-error": {
      "version": "1.0.2",
      "resolved": "https://registry.npmjs.org/check-error/-/check-error-1.0.2.tgz",
      "integrity": "sha1-V00xLt2Iu13YkS6Sht1sCu1KrII=",
      "dev": true
    },
    "collapse-white-space": {
      "version": "1.0.4",
      "resolved": "https://registry.npmjs.org/collapse-white-space/-/collapse-white-space-1.0.4.tgz",
      "integrity": "sha512-YfQ1tAUZm561vpYD+5eyWN8+UsceQbSrqqlc/6zDY2gtAE+uZLSdkkovhnGpmCThsvKBFakq4EdY/FF93E8XIw==",
      "dev": true
    },
    "commander": {
      "version": "2.15.1",
      "resolved": "http://registry.npmjs.org/commander/-/commander-2.15.1.tgz",
      "integrity": "sha512-VlfT9F3V0v+jr4yxPc5gg9s62/fIVWsd2Bk2iD435um1NlGMYdVCq+MjcXnhYq2icNOizHr1kK+5TI6H0Hy0ag==",
      "dev": true
    },
    "concat-map": {
      "version": "0.0.1",
      "resolved": "https://registry.npmjs.org/concat-map/-/concat-map-0.0.1.tgz",
      "integrity": "sha1-2Klr13/Wjfd5OnMDajug1UBdR3s=",
      "dev": true
    },
    "debug": {
      "version": "3.1.0",
      "resolved": "https://registry.npmjs.org/debug/-/debug-3.1.0.tgz",
      "integrity": "sha512-OX8XqP7/1a9cqkxYw2yXss15f26NKWBpDXQd0/uK/KPqdQhxbPa994hnzjcE2VqQpDslf55723cKPUOGSmMY3g==",
      "dev": true,
      "requires": {
        "ms": "2.0.0"
      }
    },
    "deep-eql": {
      "version": "3.0.1",
      "resolved": "https://registry.npmjs.org/deep-eql/-/deep-eql-3.0.1.tgz",
      "integrity": "sha512-+QeIQyN5ZuO+3Uk5DYh6/1eKO0m0YmJFGNmFHGACpf1ClL1nmlV/p4gNgbl2pJGxgXb4faqo6UE+M5ACEMyVcw==",
      "dev": true,
      "requires": {
        "type-detect": "^4.0.0"
      }
    },
    "diff": {
      "version": "3.5.0",
      "resolved": "https://registry.npmjs.org/diff/-/diff-3.5.0.tgz",
      "integrity": "sha512-A46qtFgd+g7pDZinpnwiRJtxbC1hpgf0uzP3iG89scHk0AUC7A1TGxf5OiiOUv/JMZR8GOt8hL900hV0bOy5xA==",
      "dev": true
    },
    "escape-string-regexp": {
      "version": "1.0.5",
      "resolved": "https://registry.npmjs.org/escape-string-regexp/-/escape-string-regexp-1.0.5.tgz",
      "integrity": "sha1-G2HAViGQqN/2rjuyzwIAyhMLhtQ=",
      "dev": true
    },
    "extend": {
      "version": "3.0.2",
      "resolved": "https://registry.npmjs.org/extend/-/extend-3.0.2.tgz",
      "integrity": "sha512-fjquC59cD7CyW6urNXK0FBufkZcoiGG80wTuPujX590cB5Ttln20E2UB4S/WARVqhXffZl2LNgS+gQdPIIim/g==",
      "dev": true
    },
    "fs.realpath": {
      "version": "1.0.0",
      "resolved": "https://registry.npmjs.org/fs.realpath/-/fs.realpath-1.0.0.tgz",
      "integrity": "sha1-FQStJSMVjKpA20onh8sBQRmU6k8=",
      "dev": true
    },
    "get-func-name": {
      "version": "2.0.0",
      "resolved": "https://registry.npmjs.org/get-func-name/-/get-func-name-2.0.0.tgz",
      "integrity": "sha1-6td0q+5y4gQJQzoGY2YCPdaIekE=",
      "dev": true
    },
    "glob": {
      "version": "7.1.2",
      "resolved": "https://registry.npmjs.org/glob/-/glob-7.1.2.tgz",
      "integrity": "sha512-MJTUg1kjuLeQCJ+ccE4Vpa6kKVXkPYJ2mOCQyUuKLcLQsdrMCpBPUi8qVE6+YuaJkozeA9NusTAw3hLr8Xe5EQ==",
      "dev": true,
      "requires": {
        "fs.realpath": "^1.0.0",
        "inflight": "^1.0.4",
        "inherits": "2",
        "minimatch": "^3.0.4",
        "once": "^1.3.0",
        "path-is-absolute": "^1.0.0"
      }
    },
    "growl": {
      "version": "1.10.5",
      "resolved": "https://registry.npmjs.org/growl/-/growl-1.10.5.tgz",
      "integrity": "sha512-qBr4OuELkhPenW6goKVXiv47US3clb3/IbuWF9KNKEijAy9oeHxU9IgzjvJhHkUzhaj7rOUD7+YGWqUjLp5oSA==",
      "dev": true
    },
    "has-flag": {
      "version": "3.0.0",
      "resolved": "https://registry.npmjs.org/has-flag/-/has-flag-3.0.0.tgz",
      "integrity": "sha1-tdRU3CGZriJWmfNGfloH87lVuv0=",
      "dev": true
    },
    "he": {
      "version": "1.1.1",
      "resolved": "https://registry.npmjs.org/he/-/he-1.1.1.tgz",
      "integrity": "sha1-k0EP0hsAlzUVH4howvJx80J+I/0=",
      "dev": true
    },
    "inflight": {
      "version": "1.0.6",
      "resolved": "https://registry.npmjs.org/inflight/-/inflight-1.0.6.tgz",
      "integrity": "sha1-Sb1jMdfQLQwJvJEKEHW6gWW1bfk=",
      "dev": true,
      "requires": {
        "once": "^1.3.0",
        "wrappy": "1"
      }
    },
    "inherits": {
      "version": "2.0.3",
      "resolved": "https://registry.npmjs.org/inherits/-/inherits-2.0.3.tgz",
      "integrity": "sha1-Yzwsg+PaQqUC9SRmAiSA9CCCYd4=",
      "dev": true
    },
    "is-alphabetical": {
      "version": "1.0.2",
      "resolved": "https://registry.npmjs.org/is-alphabetical/-/is-alphabetical-1.0.2.tgz",
      "integrity": "sha512-V0xN4BYezDHcBSKb1QHUFMlR4as/XEuCZBzMJUU4n7+Cbt33SmUnSol+pnXFvLxSHNq2CemUXNdaXV6Flg7+xg==",
      "dev": true
    },
    "is-alphanumerical": {
      "version": "1.0.2",
      "resolved": "https://registry.npmjs.org/is-alphanumerical/-/is-alphanumerical-1.0.2.tgz",
      "integrity": "sha512-pyfU/0kHdISIgslFfZN9nfY1Gk3MquQgUm1mJTjdkEPpkAKNWuBTSqFwewOpR7N351VkErCiyV71zX7mlQQqsg==",
      "dev": true,
      "requires": {
        "is-alphabetical": "^1.0.0",
        "is-decimal": "^1.0.0"
      }
    },
    "is-buffer": {
      "version": "2.0.4",
      "resolved": "https://registry.npmjs.org/is-buffer/-/is-buffer-2.0.4.tgz",
      "integrity": "sha512-Kq1rokWXOPXWuaMAqZiJW4XxsmD9zGx9q4aePabbn3qCRGedtH7Cm+zV8WETitMfu1wdh+Rvd6w5egwSngUX2A==",
      "dev": true
    },
    "is-decimal": {
      "version": "1.0.2",
      "resolved": "https://registry.npmjs.org/is-decimal/-/is-decimal-1.0.2.tgz",
      "integrity": "sha512-TRzl7mOCchnhchN+f3ICUCzYvL9ul7R+TYOsZ8xia++knyZAJfv/uA1FvQXsAnYIl1T3B2X5E/J7Wb1QXiIBXg==",
      "dev": true
    },
    "is-hexadecimal": {
      "version": "1.0.2",
      "resolved": "https://registry.npmjs.org/is-hexadecimal/-/is-hexadecimal-1.0.2.tgz",
      "integrity": "sha512-but/G3sapV3MNyqiDBLrOi4x8uCIw0RY3o/Vb5GT0sMFHrVV7731wFSVy41T5FO1og7G0gXLJh0MkgPRouko/A==",
      "dev": true
    },
    "is-plain-obj": {
      "version": "2.0.0",
      "resolved": "https://registry.npmjs.org/is-plain-obj/-/is-plain-obj-2.0.0.tgz",
      "integrity": "sha512-EYisGhpgSCwspmIuRHGjROWTon2Xp8Z7U03Wubk/bTL5TTRC5R1rGVgyjzBrk9+ULdH6cRD06KRcw/xfqhVYKQ==",
      "dev": true
    },
    "is-whitespace-character": {
      "version": "1.0.2",
      "resolved": "https://registry.npmjs.org/is-whitespace-character/-/is-whitespace-character-1.0.2.tgz",
      "integrity": "sha512-SzM+T5GKUCtLhlHFKt2SDAX2RFzfS6joT91F2/WSi9LxgFdsnhfPK/UIA+JhRR2xuyLdrCys2PiFDrtn1fU5hQ==",
      "dev": true
    },
    "is-word-character": {
      "version": "1.0.2",
      "resolved": "https://registry.npmjs.org/is-word-character/-/is-word-character-1.0.2.tgz",
      "integrity": "sha512-T3FlsX8rCHAH8e7RE7PfOPZVFQlcV3XRF9eOOBQ1uf70OxO7CjjSOjeImMPCADBdYWcStAbVbYvJ1m2D3tb+EA==",
      "dev": true
    },
    "markdown-escapes": {
      "version": "1.0.2",
      "resolved": "https://registry.npmjs.org/markdown-escapes/-/markdown-escapes-1.0.2.tgz",
      "integrity": "sha512-lbRZ2mE3Q9RtLjxZBZ9+IMl68DKIXaVAhwvwn9pmjnPLS0h/6kyBMgNhqi1xFJ/2yv6cSyv0jbiZavZv93JkkA==",
      "dev": true
    },
    "minimatch": {
      "version": "3.0.4",
      "resolved": "https://registry.npmjs.org/minimatch/-/minimatch-3.0.4.tgz",
      "integrity": "sha512-yJHVQEhyqPLUTgt9B83PXu6W3rx4MvvHvSUvToogpwoGDOUQ+yDrR0HRot+yOCdCO7u4hX3pWft6kWBBcqh0UA==",
      "dev": true,
      "requires": {
        "brace-expansion": "^1.1.7"
      }
    },
    "minimist": {
      "version": "0.0.8",
      "resolved": "http://registry.npmjs.org/minimist/-/minimist-0.0.8.tgz",
      "integrity": "sha1-hX/Kv8M5fSYluCKCYuhqp6ARsF0=",
      "dev": true
    },
    "mkdirp": {
      "version": "0.5.1",
      "resolved": "http://registry.npmjs.org/mkdirp/-/mkdirp-0.5.1.tgz",
      "integrity": "sha1-MAV0OOrGz3+MR2fzhkjWaX11yQM=",
      "dev": true,
      "requires": {
        "minimist": "0.0.8"
      }
    },
    "mocha": {
      "version": "5.2.0",
      "resolved": "https://registry.npmjs.org/mocha/-/mocha-5.2.0.tgz",
      "integrity": "sha512-2IUgKDhc3J7Uug+FxMXuqIyYzH7gJjXECKe/w43IGgQHTSj3InJi+yAA7T24L9bQMRKiUEHxEX37G5JpVUGLcQ==",
      "dev": true,
      "requires": {
        "browser-stdout": "1.3.1",
        "commander": "2.15.1",
        "debug": "3.1.0",
        "diff": "3.5.0",
        "escape-string-regexp": "1.0.5",
        "glob": "7.1.2",
        "growl": "1.10.5",
        "he": "1.1.1",
        "minimatch": "3.0.4",
        "mkdirp": "0.5.1",
        "supports-color": "5.4.0"
      }
    },
    "ms": {
      "version": "2.0.0",
      "resolved": "https://registry.npmjs.org/ms/-/ms-2.0.0.tgz",
      "integrity": "sha1-VgiurfwAvmwpAd9fmGF4jeDVl8g=",
      "dev": true
    },
    "once": {
      "version": "1.4.0",
      "resolved": "https://registry.npmjs.org/once/-/once-1.4.0.tgz",
      "integrity": "sha1-WDsap3WWHUsROsF9nFC6753Xa9E=",
      "dev": true,
      "requires": {
        "wrappy": "1"
      }
    },
    "parse-entities": {
      "version": "1.2.0",
      "resolved": "https://registry.npmjs.org/parse-entities/-/parse-entities-1.2.0.tgz",
      "integrity": "sha512-XXtDdOPLSB0sHecbEapQi6/58U/ODj/KWfIXmmMCJF/eRn8laX6LZbOyioMoETOOJoWRW8/qTSl5VQkUIfKM5g==",
      "dev": true,
      "requires": {
        "character-entities": "^1.0.0",
        "character-entities-legacy": "^1.0.0",
        "character-reference-invalid": "^1.0.0",
        "is-alphanumerical": "^1.0.0",
        "is-decimal": "^1.0.0",
        "is-hexadecimal": "^1.0.0"
      }
    },
    "path-is-absolute": {
      "version": "1.0.1",
      "resolved": "http://registry.npmjs.org/path-is-absolute/-/path-is-absolute-1.0.1.tgz",
      "integrity": "sha1-F0uSaHNVNP+8es5r9TpanhtcX18=",
      "dev": true
    },
    "pathval": {
      "version": "1.1.0",
      "resolved": "https://registry.npmjs.org/pathval/-/pathval-1.1.0.tgz",
      "integrity": "sha1-uULm1L3mUwBe9rcTYd74cn0GReA=",
      "dev": true
    },
    "remark-parse": {
      "version": "6.0.3",
      "resolved": "https://registry.npmjs.org/remark-parse/-/remark-parse-6.0.3.tgz",
      "integrity": "sha512-QbDXWN4HfKTUC0hHa4teU463KclLAnwpn/FBn87j9cKYJWWawbiLgMfP2Q4XwhxxuuuOxHlw+pSN0OKuJwyVvg==",
      "dev": true,
      "requires": {
        "collapse-white-space": "^1.0.2",
        "is-alphabetical": "^1.0.0",
        "is-decimal": "^1.0.0",
        "is-whitespace-character": "^1.0.0",
        "is-word-character": "^1.0.0",
        "markdown-escapes": "^1.0.0",
        "parse-entities": "^1.1.0",
        "repeat-string": "^1.5.4",
        "state-toggle": "^1.0.0",
        "trim": "0.0.1",
        "trim-trailing-lines": "^1.0.0",
        "unherit": "^1.0.4",
        "unist-util-remove-position": "^1.0.0",
        "vfile-location": "^2.0.0",
        "xtend": "^4.0.1"
      }
    },
    "repeat-string": {
      "version": "1.6.1",
      "resolved": "https://registry.npmjs.org/repeat-string/-/repeat-string-1.6.1.tgz",
      "integrity": "sha1-jcrkcOHIirwtYA//Sndihtp15jc=",
      "dev": true
    },
    "replace-ext": {
      "version": "1.0.0",
      "resolved": "https://registry.npmjs.org/replace-ext/-/replace-ext-1.0.0.tgz",
      "integrity": "sha1-3mMSg3P8v3w8z6TeWkgMRaZ5WOs=",
      "dev": true
    },
    "state-toggle": {
      "version": "1.0.1",
      "resolved": "https://registry.npmjs.org/state-toggle/-/state-toggle-1.0.1.tgz",
      "integrity": "sha512-Qe8QntFrrpWTnHwvwj2FZTgv+PKIsp0B9VxLzLLbSpPXWOgRgc5LVj/aTiSfK1RqIeF9jeC1UeOH8Q8y60A7og==",
      "dev": true
    },
    "supports-color": {
      "version": "5.4.0",
      "resolved": "https://registry.npmjs.org/supports-color/-/supports-color-5.4.0.tgz",
      "integrity": "sha512-zjaXglF5nnWpsq470jSv6P9DwPvgLkuapYmfDm3JWOm0vkNTVF2tI4UrN2r6jH1qM/uc/WtxYY1hYoA2dOKj5w==",
      "dev": true,
      "requires": {
        "has-flag": "^3.0.0"
      }
    },
    "trim": {
      "version": "0.0.1",
      "resolved": "https://registry.npmjs.org/trim/-/trim-0.0.1.tgz",
      "integrity": "sha1-WFhUf2spB1fulczMZm+1AITEYN0=",
      "dev": true
    },
    "trim-trailing-lines": {
      "version": "1.1.1",
      "resolved": "https://registry.npmjs.org/trim-trailing-lines/-/trim-trailing-lines-1.1.1.tgz",
      "integrity": "sha512-bWLv9BbWbbd7mlqqs2oQYnLD/U/ZqeJeJwbO0FG2zA1aTq+HTvxfHNKFa/HGCVyJpDiioUYaBhfiT6rgk+l4mg==",
      "dev": true
    },
    "trough": {
      "version": "1.0.4",
      "resolved": "https://registry.npmjs.org/trough/-/trough-1.0.4.tgz",
      "integrity": "sha512-tdzBRDGWcI1OpPVmChbdSKhvSVurznZ8X36AYURAcl+0o2ldlCY2XPzyXNNxwJwwyIU+rIglTCG4kxtNKBQH7Q==",
      "dev": true
    },
    "type-detect": {
      "version": "4.0.8",
      "resolved": "https://registry.npmjs.org/type-detect/-/type-detect-4.0.8.tgz",
      "integrity": "sha512-0fr/mIH1dlO+x7TlcMy+bIDqKPsw/70tVyeHW787goQjhmqaZe10uwLujubK9q9Lg6Fiho1KUKDYz0Z7k7g5/g==",
      "dev": true
    },
    "unherit": {
      "version": "1.1.1",
      "resolved": "https://registry.npmjs.org/unherit/-/unherit-1.1.1.tgz",
      "integrity": "sha512-+XZuV691Cn4zHsK0vkKYwBEwB74T3IZIcxrgn2E4rKwTfFyI1zCh7X7grwh9Re08fdPlarIdyWgI8aVB3F5A5g==",
      "dev": true,
      "requires": {
        "inherits": "^2.0.1",
        "xtend": "^4.0.1"
      }
    },
    "unified": {
      "version": "8.4.1",
      "resolved": "https://registry.npmjs.org/unified/-/unified-8.4.1.tgz",
      "integrity": "sha512-YPj/uIIZSO7mMIZQj/5Z3hDl4lshWYRQGs5TgUCjHTVdklUWH+O94mK5Cy77SEcmEUwGhnUcudMuH/zIwporqw==",
      "dev": true,
      "requires": {
        "bail": "^1.0.0",
        "extend": "^3.0.0",
        "is-plain-obj": "^2.0.0",
        "trough": "^1.0.0",
        "vfile": "^4.0.0"
      }
    },
    "unist-util-is": {
      "version": "2.1.2",
      "resolved": "https://registry.npmjs.org/unist-util-is/-/unist-util-is-2.1.2.tgz",
      "integrity": "sha512-YkXBK/H9raAmG7KXck+UUpnKiNmUdB+aBGrknfQ4EreE1banuzrKABx3jP6Z5Z3fMSPMQQmeXBlKpCbMwBkxVw==",
      "dev": true
    },
    "unist-util-remove-position": {
      "version": "1.1.2",
      "resolved": "https://registry.npmjs.org/unist-util-remove-position/-/unist-util-remove-position-1.1.2.tgz",
      "integrity": "sha512-XxoNOBvq1WXRKXxgnSYbtCF76TJrRoe5++pD4cCBsssSiWSnPEktyFrFLE8LTk3JW5mt9hB0Sk5zn4x/JeWY7Q==",
      "dev": true,
      "requires": {
        "unist-util-visit": "^1.1.0"
      }
    },
    "unist-util-stringify-position": {
      "version": "2.0.1",
      "resolved": "https://registry.npmjs.org/unist-util-stringify-position/-/unist-util-stringify-position-2.0.1.tgz",
      "integrity": "sha512-Zqlf6+FRI39Bah8Q6ZnNGrEHUhwJOkHde2MHVk96lLyftfJJckaPslKgzhVcviXj8KcE9UJM9F+a4JEiBUTYgA==",
      "dev": true,
      "requires": {
        "@types/unist": "^2.0.2"
      }
    },
    "unist-util-visit": {
      "version": "1.4.0",
      "resolved": "https://registry.npmjs.org/unist-util-visit/-/unist-util-visit-1.4.0.tgz",
      "integrity": "sha512-FiGu34ziNsZA3ZUteZxSFaczIjGmksfSgdKqBfOejrrfzyUy5b7YrlzT1Bcvi+djkYDituJDy2XB7tGTeBieKw==",
      "dev": true,
      "requires": {
        "unist-util-visit-parents": "^2.0.0"
      }
    },
    "unist-util-visit-parents": {
      "version": "2.0.1",
      "resolved": "https://registry.npmjs.org/unist-util-visit-parents/-/unist-util-visit-parents-2.0.1.tgz",
      "integrity": "sha512-6B0UTiMfdWql4cQ03gDTCSns+64Zkfo2OCbK31Ov0uMizEz+CJeAp0cgZVb5Fhmcd7Bct2iRNywejT0orpbqUA==",
      "dev": true,
      "requires": {
        "unist-util-is": "^2.1.2"
      }
    },
    "vfile": {
      "version": "4.0.1",
      "resolved": "https://registry.npmjs.org/vfile/-/vfile-4.0.1.tgz",
      "integrity": "sha512-lRHFCuC4SQBFr7Uq91oJDJxlnftoTLQ7eKIpMdubhYcVMho4781a8MWXLy3qZrZ0/STD1kRiKc0cQOHm4OkPeA==",
      "dev": true,
      "requires": {
        "@types/unist": "^2.0.0",
        "is-buffer": "^2.0.0",
        "replace-ext": "1.0.0",
        "unist-util-stringify-position": "^2.0.0",
        "vfile-message": "^2.0.0"
      }
    },
    "vfile-location": {
      "version": "2.0.4",
      "resolved": "https://registry.npmjs.org/vfile-location/-/vfile-location-2.0.4.tgz",
      "integrity": "sha512-KRL5uXQPoUKu+NGvQVL4XLORw45W62v4U4gxJ3vRlDfI9QsT4ZN1PNXn/zQpKUulqGDpYuT0XDfp5q9O87/y/w==",
      "dev": true
    },
    "vfile-message": {
      "version": "2.0.1",
      "resolved": "https://registry.npmjs.org/vfile-message/-/vfile-message-2.0.1.tgz",
      "integrity": "sha512-KtasSV+uVU7RWhUn4Lw+wW1Zl/nW8JWx7JCPps10Y9JRRIDeDXf8wfBLoOSsJLyo27DqMyAi54C6Jf/d6Kr2Bw==",
      "dev": true,
      "requires": {
        "@types/unist": "^2.0.2",
        "unist-util-stringify-position": "^2.0.0"
      }
    },
    "wrappy": {
      "version": "1.0.2",
      "resolved": "https://registry.npmjs.org/wrappy/-/wrappy-1.0.2.tgz",
      "integrity": "sha1-tSQ9jz7BqjXxNkYFvA0QNuMKtp8=",
      "dev": true
    },
    "xtend": {
      "version": "4.0.1",
      "resolved": "https://registry.npmjs.org/xtend/-/xtend-4.0.1.tgz",
      "integrity": "sha1-pcbVMr5lbiPbgg77lDofBJmNY68=",
      "dev": true
    }
  }
}
